// !$*UTF8*$!
{
	archiveVersion = 1;
	classes = {
	};
	objectVersion = 50;
	objects = {

/* Begin PBXBuildFile section */
		5F5502EC233CD597009CD610 /* SettingsData.swift in Sources */ = {isa = PBXBuildFile; fileRef = 5F5502EB233CD597009CD610 /* SettingsData.swift */; };
		5F5502EE233CD5CB009CD610 /* SearchDataModel.swift in Sources */ = {isa = PBXBuildFile; fileRef = 5F5502ED233CD5CB009CD610 /* SearchDataModel.swift */; };
		5F642FD2233B763F000E1C83 /* Shared.framework in Frameworks */ = {isa = PBXBuildFile; fileRef = 5F642FC8233B763F000E1C83 /* Shared.framework */; };
		5F642FD7233B763F000E1C83 /* SharedTests.swift in Sources */ = {isa = PBXBuildFile; fileRef = 5F642FD6233B763F000E1C83 /* SharedTests.swift */; };
		5F642FD9233B763F000E1C83 /* Shared.h in Headers */ = {isa = PBXBuildFile; fileRef = 5F642FCB233B763F000E1C83 /* Shared.h */; settings = {ATTRIBUTES = (Public, ); }; };
		5F642FE5233B76ED000E1C83 /* ViewModelType.swift in Sources */ = {isa = PBXBuildFile; fileRef = 5F642FE4233B76ED000E1C83 /* ViewModelType.swift */; };
		5F642FE7233B76F8000E1C83 /* Loader.swift in Sources */ = {isa = PBXBuildFile; fileRef = 5F642FE6233B76F8000E1C83 /* Loader.swift */; };
		5F643002233B7D7A000E1C83 /* TableViewCell.swift in Sources */ = {isa = PBXBuildFile; fileRef = 5F643001233B7D7A000E1C83 /* TableViewCell.swift */; };
		5F643009233B8170000E1C83 /* Coordinator.swift in Sources */ = {isa = PBXBuildFile; fileRef = 5F643008233B8170000E1C83 /* Coordinator.swift */; };
		5FA1DE98233CA23D002A1C61 /* UnitsEnum.swift in Sources */ = {isa = PBXBuildFile; fileRef = 5FA1DE97233CA23D002A1C61 /* UnitsEnum.swift */; };
		5FA1DEA3233CAAEE002A1C61 /* RealmSettings.swift in Sources */ = {isa = PBXBuildFile; fileRef = 5FA1DEA2233CAAEE002A1C61 /* RealmSettings.swift */; };
		5FA1DEA5233CAAFD002A1C61 /* RealmLocation.swift in Sources */ = {isa = PBXBuildFile; fileRef = 5FA1DEA4233CAAFD002A1C61 /* RealmLocation.swift */; };
		5FA1DEA7233CAB11002A1C61 /* LastRealmLocation.swift in Sources */ = {isa = PBXBuildFile; fileRef = 5FA1DEA6233CAB11002A1C61 /* LastRealmLocation.swift */; };
		5FA1DEA9233CAB26002A1C61 /* RealmManager.swift in Sources */ = {isa = PBXBuildFile; fileRef = 5FA1DEA8233CAB26002A1C61 /* RealmManager.swift */; };
/* End PBXBuildFile section */

/* Begin PBXContainerItemProxy section */
		5F642FD3233B763F000E1C83 /* PBXContainerItemProxy */ = {
			isa = PBXContainerItemProxy;
			containerPortal = 5F642FBF233B763F000E1C83 /* Project object */;
			proxyType = 1;
			remoteGlobalIDString = 5F642FC7233B763F000E1C83;
			remoteInfo = Shared;
		};
/* End PBXContainerItemProxy section */

/* Begin PBXFileReference section */
		5F5502EB233CD597009CD610 /* SettingsData.swift */ = {isa = PBXFileReference; lastKnownFileType = sourcecode.swift; path = SettingsData.swift; sourceTree = "<group>"; };
		5F5502ED233CD5CB009CD610 /* SearchDataModel.swift */ = {isa = PBXFileReference; lastKnownFileType = sourcecode.swift; path = SearchDataModel.swift; sourceTree = "<group>"; };
		5F642FC8233B763F000E1C83 /* Shared.framework */ = {isa = PBXFileReference; explicitFileType = wrapper.framework; includeInIndex = 0; path = Shared.framework; sourceTree = BUILT_PRODUCTS_DIR; };
		5F642FCB233B763F000E1C83 /* Shared.h */ = {isa = PBXFileReference; lastKnownFileType = sourcecode.c.h; path = Shared.h; sourceTree = "<group>"; };
		5F642FCC233B763F000E1C83 /* Info.plist */ = {isa = PBXFileReference; lastKnownFileType = text.plist.xml; path = Info.plist; sourceTree = "<group>"; };
		5F642FD1233B763F000E1C83 /* SharedTests.xctest */ = {isa = PBXFileReference; explicitFileType = wrapper.cfbundle; includeInIndex = 0; path = SharedTests.xctest; sourceTree = BUILT_PRODUCTS_DIR; };
		5F642FD6233B763F000E1C83 /* SharedTests.swift */ = {isa = PBXFileReference; lastKnownFileType = sourcecode.swift; path = SharedTests.swift; sourceTree = "<group>"; };
		5F642FD8233B763F000E1C83 /* Info.plist */ = {isa = PBXFileReference; lastKnownFileType = text.plist.xml; path = Info.plist; sourceTree = "<group>"; };
		5F642FE4233B76ED000E1C83 /* ViewModelType.swift */ = {isa = PBXFileReference; lastKnownFileType = sourcecode.swift; path = ViewModelType.swift; sourceTree = "<group>"; };
		5F642FE6233B76F8000E1C83 /* Loader.swift */ = {isa = PBXFileReference; lastKnownFileType = sourcecode.swift; path = Loader.swift; sourceTree = "<group>"; };
		5F643001233B7D7A000E1C83 /* TableViewCell.swift */ = {isa = PBXFileReference; lastKnownFileType = sourcecode.swift; path = TableViewCell.swift; sourceTree = "<group>"; };
		5F643008233B8170000E1C83 /* Coordinator.swift */ = {isa = PBXFileReference; lastKnownFileType = sourcecode.swift; path = Coordinator.swift; sourceTree = "<group>"; };
		5FA1DE97233CA23D002A1C61 /* UnitsEnum.swift */ = {isa = PBXFileReference; lastKnownFileType = sourcecode.swift; path = UnitsEnum.swift; sourceTree = "<group>"; };
		5FA1DEA2233CAAEE002A1C61 /* RealmSettings.swift */ = {isa = PBXFileReference; lastKnownFileType = sourcecode.swift; path = RealmSettings.swift; sourceTree = "<group>"; };
		5FA1DEA4233CAAFD002A1C61 /* RealmLocation.swift */ = {isa = PBXFileReference; lastKnownFileType = sourcecode.swift; path = RealmLocation.swift; sourceTree = "<group>"; };
		5FA1DEA6233CAB11002A1C61 /* LastRealmLocation.swift */ = {isa = PBXFileReference; lastKnownFileType = sourcecode.swift; path = LastRealmLocation.swift; sourceTree = "<group>"; };
		5FA1DEA8233CAB26002A1C61 /* RealmManager.swift */ = {isa = PBXFileReference; lastKnownFileType = sourcecode.swift; path = RealmManager.swift; sourceTree = "<group>"; };
		5FA1DEAE233CBD99002A1C61 /* WeatherAppSettings.framework */ = {isa = PBXFileReference; explicitFileType = wrapper.framework; path = WeatherAppSettings.framework; sourceTree = BUILT_PRODUCTS_DIR; };
/* End PBXFileReference section */

/* Begin PBXFrameworksBuildPhase section */
		5F642FC5233B763F000E1C83 /* Frameworks */ = {
			isa = PBXFrameworksBuildPhase;
			buildActionMask = 2147483647;
			files = (
			);
			runOnlyForDeploymentPostprocessing = 0;
		};
		5F642FCE233B763F000E1C83 /* Frameworks */ = {
			isa = PBXFrameworksBuildPhase;
			buildActionMask = 2147483647;
			files = (
				5F642FD2233B763F000E1C83 /* Shared.framework in Frameworks */,
			);
			runOnlyForDeploymentPostprocessing = 0;
		};
/* End PBXFrameworksBuildPhase section */

/* Begin PBXGroup section */
		5F5502EA233CD586009CD610 /* DataModels */ = {
			isa = PBXGroup;
			children = (
				5F5502EB233CD597009CD610 /* SettingsData.swift */,
				5F5502ED233CD5CB009CD610 /* SearchDataModel.swift */,
			);
			path = DataModels;
			sourceTree = "<group>";
		};
		5F642FBE233B763F000E1C83 = {
			isa = PBXGroup;
			children = (
				5F642FCA233B763F000E1C83 /* Shared */,
				5F642FD5233B763F000E1C83 /* SharedTests */,
				5F642FC9233B763F000E1C83 /* Products */,
				5FA1DEAD233CBD99002A1C61 /* Frameworks */,
			);
			sourceTree = "<group>";
		};
		5F642FC9233B763F000E1C83 /* Products */ = {
			isa = PBXGroup;
			children = (
				5F642FC8233B763F000E1C83 /* Shared.framework */,
				5F642FD1233B763F000E1C83 /* SharedTests.xctest */,
			);
			name = Products;
			sourceTree = "<group>";
		};
		5F642FCA233B763F000E1C83 /* Shared */ = {
			isa = PBXGroup;
			children = (
				5F5502EA233CD586009CD610 /* DataModels */,
				5FA1DE9F233CAACD002A1C61 /* Persistence */,
				5FA1DE96233CA22F002A1C61 /* Enums */,
				5F643007233B815B000E1C83 /* Coordinator */,
				5F643000233B7D5F000E1C83 /* TableViewCells */,
				5F642FE3233B76A2000E1C83 /* Utils */,
				5F642FCB233B763F000E1C83 /* Shared.h */,
				5F642FCC233B763F000E1C83 /* Info.plist */,
			);
			path = Shared;
			sourceTree = "<group>";
		};
		5F642FD5233B763F000E1C83 /* SharedTests */ = {
			isa = PBXGroup;
			children = (
				5F642FD6233B763F000E1C83 /* SharedTests.swift */,
				5F642FD8233B763F000E1C83 /* Info.plist */,
			);
			path = SharedTests;
			sourceTree = "<group>";
		};
		5F642FE3233B76A2000E1C83 /* Utils */ = {
			isa = PBXGroup;
			children = (
				5F642FE4233B76ED000E1C83 /* ViewModelType.swift */,
				5F642FE6233B76F8000E1C83 /* Loader.swift */,
			);
			path = Utils;
			sourceTree = "<group>";
		};
		5F643000233B7D5F000E1C83 /* TableViewCells */ = {
			isa = PBXGroup;
			children = (
				5F643001233B7D7A000E1C83 /* TableViewCell.swift */,
			);
			path = TableViewCells;
			sourceTree = "<group>";
		};
		5F643007233B815B000E1C83 /* Coordinator */ = {
			isa = PBXGroup;
			children = (
				5F643008233B8170000E1C83 /* Coordinator.swift */,
			);
			path = Coordinator;
			sourceTree = "<group>";
		};
		5FA1DE96233CA22F002A1C61 /* Enums */ = {
			isa = PBXGroup;
			children = (
				5FA1DE97233CA23D002A1C61 /* UnitsEnum.swift */,
			);
			path = Enums;
			sourceTree = "<group>";
		};
		5FA1DE9F233CAACD002A1C61 /* Persistence */ = {
			isa = PBXGroup;
			children = (
				5FA1DEA1233CAADE002A1C61 /* DataModel */,
				5FA1DEA0233CAAD8002A1C61 /* Manager */,
			);
			path = Persistence;
			sourceTree = "<group>";
		};
		5FA1DEA0233CAAD8002A1C61 /* Manager */ = {
			isa = PBXGroup;
			children = (
				5FA1DEA8233CAB26002A1C61 /* RealmManager.swift */,
			);
			path = Manager;
			sourceTree = "<group>";
		};
		5FA1DEA1233CAADE002A1C61 /* DataModel */ = {
			isa = PBXGroup;
			children = (
				5FA1DEA2233CAAEE002A1C61 /* RealmSettings.swift */,
				5FA1DEA4233CAAFD002A1C61 /* RealmLocation.swift */,
				5FA1DEA6233CAB11002A1C61 /* LastRealmLocation.swift */,
			);
			path = DataModel;
			sourceTree = "<group>";
		};
		5FA1DEAD233CBD99002A1C61 /* Frameworks */ = {
			isa = PBXGroup;
			children = (
				5FA1DEAE233CBD99002A1C61 /* WeatherAppSettings.framework */,
			);
			name = Frameworks;
			sourceTree = "<group>";
		};
/* End PBXGroup section */

/* Begin PBXHeadersBuildPhase section */
		5F642FC3233B763F000E1C83 /* Headers */ = {
			isa = PBXHeadersBuildPhase;
			buildActionMask = 2147483647;
			files = (
				5F642FD9233B763F000E1C83 /* Shared.h in Headers */,
			);
			runOnlyForDeploymentPostprocessing = 0;
		};
/* End PBXHeadersBuildPhase section */

/* Begin PBXNativeTarget section */
		5F642FC7233B763F000E1C83 /* Shared */ = {
			isa = PBXNativeTarget;
			buildConfigurationList = 5F642FDC233B763F000E1C83 /* Build configuration list for PBXNativeTarget "Shared" */;
			buildPhases = (
				5F642FC3233B763F000E1C83 /* Headers */,
				5F642FC4233B763F000E1C83 /* Sources */,
				5F642FC5233B763F000E1C83 /* Frameworks */,
				5F642FC6233B763F000E1C83 /* Resources */,
			);
			buildRules = (
			);
			dependencies = (
			);
			name = Shared;
			productName = Shared;
			productReference = 5F642FC8233B763F000E1C83 /* Shared.framework */;
			productType = "com.apple.product-type.framework";
		};
		5F642FD0233B763F000E1C83 /* SharedTests */ = {
			isa = PBXNativeTarget;
			buildConfigurationList = 5F642FDF233B763F000E1C83 /* Build configuration list for PBXNativeTarget "SharedTests" */;
			buildPhases = (
				5F642FCD233B763F000E1C83 /* Sources */,
				5F642FCE233B763F000E1C83 /* Frameworks */,
				5F642FCF233B763F000E1C83 /* Resources */,
			);
			buildRules = (
			);
			dependencies = (
				5F642FD4233B763F000E1C83 /* PBXTargetDependency */,
			);
			name = SharedTests;
			productName = SharedTests;
			productReference = 5F642FD1233B763F000E1C83 /* SharedTests.xctest */;
			productType = "com.apple.product-type.bundle.unit-test";
		};
/* End PBXNativeTarget section */

/* Begin PBXProject section */
		5F642FBF233B763F000E1C83 /* Project object */ = {
			isa = PBXProject;
			attributes = {
				LastSwiftUpdateCheck = 1100;
				LastUpgradeCheck = 1100;
				ORGANIZATIONNAME = "Josip Marković";
				TargetAttributes = {
					5F642FC7233B763F000E1C83 = {
						CreatedOnToolsVersion = 11.0;
						LastSwiftMigration = 1100;
					};
					5F642FD0233B763F000E1C83 = {
						CreatedOnToolsVersion = 11.0;
					};
				};
			};
			buildConfigurationList = 5F642FC2233B763F000E1C83 /* Build configuration list for PBXProject "Shared" */;
			compatibilityVersion = "Xcode 9.3";
			developmentRegion = en;
			hasScannedForEncodings = 0;
			knownRegions = (
				en,
				Base,
			);
			mainGroup = 5F642FBE233B763F000E1C83;
			productRefGroup = 5F642FC9233B763F000E1C83 /* Products */;
			projectDirPath = "";
			projectRoot = "";
			targets = (
				5F642FC7233B763F000E1C83 /* Shared */,
				5F642FD0233B763F000E1C83 /* SharedTests */,
			);
		};
/* End PBXProject section */

/* Begin PBXResourcesBuildPhase section */
		5F642FC6233B763F000E1C83 /* Resources */ = {
			isa = PBXResourcesBuildPhase;
			buildActionMask = 2147483647;
			files = (
			);
			runOnlyForDeploymentPostprocessing = 0;
		};
		5F642FCF233B763F000E1C83 /* Resources */ = {
			isa = PBXResourcesBuildPhase;
			buildActionMask = 2147483647;
			files = (
			);
			runOnlyForDeploymentPostprocessing = 0;
		};
/* End PBXResourcesBuildPhase section */

/* Begin PBXSourcesBuildPhase section */
		5F642FC4233B763F000E1C83 /* Sources */ = {
			isa = PBXSourcesBuildPhase;
			buildActionMask = 2147483647;
			files = (
				5FA1DEA5233CAAFD002A1C61 /* RealmLocation.swift in Sources */,
				5FA1DEA3233CAAEE002A1C61 /* RealmSettings.swift in Sources */,
				5F5502EC233CD597009CD610 /* SettingsData.swift in Sources */,
				5FA1DEA9233CAB26002A1C61 /* RealmManager.swift in Sources */,
				5F5502EE233CD5CB009CD610 /* SearchDataModel.swift in Sources */,
				5FA1DEA7233CAB11002A1C61 /* LastRealmLocation.swift in Sources */,
				5F643009233B8170000E1C83 /* Coordinator.swift in Sources */,
				5FA1DE98233CA23D002A1C61 /* UnitsEnum.swift in Sources */,
				5F642FE7233B76F8000E1C83 /* Loader.swift in Sources */,
				5F643002233B7D7A000E1C83 /* TableViewCell.swift in Sources */,
				5F642FE5233B76ED000E1C83 /* ViewModelType.swift in Sources */,
			);
			runOnlyForDeploymentPostprocessing = 0;
		};
		5F642FCD233B763F000E1C83 /* Sources */ = {
			isa = PBXSourcesBuildPhase;
			buildActionMask = 2147483647;
			files = (
				5F642FD7233B763F000E1C83 /* SharedTests.swift in Sources */,
			);
			runOnlyForDeploymentPostprocessing = 0;
		};
/* End PBXSourcesBuildPhase section */

/* Begin PBXTargetDependency section */
		5F642FD4233B763F000E1C83 /* PBXTargetDependency */ = {
			isa = PBXTargetDependency;
			target = 5F642FC7233B763F000E1C83 /* Shared */;
			targetProxy = 5F642FD3233B763F000E1C83 /* PBXContainerItemProxy */;
		};
/* End PBXTargetDependency section */

/* Begin XCBuildConfiguration section */
		5F642FDA233B763F000E1C83 /* Debug */ = {
			isa = XCBuildConfiguration;
			buildSettings = {
				ALWAYS_SEARCH_USER_PATHS = NO;
				CLANG_ANALYZER_NONNULL = YES;
				CLANG_ANALYZER_NUMBER_OBJECT_CONVERSION = YES_AGGRESSIVE;
				CLANG_CXX_LANGUAGE_STANDARD = "gnu++14";
				CLANG_CXX_LIBRARY = "libc++";
				CLANG_ENABLE_MODULES = YES;
				CLANG_ENABLE_OBJC_ARC = YES;
				CLANG_ENABLE_OBJC_WEAK = YES;
				CLANG_WARN_BLOCK_CAPTURE_AUTORELEASING = YES;
				CLANG_WARN_BOOL_CONVERSION = YES;
				CLANG_WARN_COMMA = YES;
				CLANG_WARN_CONSTANT_CONVERSION = YES;
				CLANG_WARN_DEPRECATED_OBJC_IMPLEMENTATIONS = YES;
				CLANG_WARN_DIRECT_OBJC_ISA_USAGE = YES_ERROR;
				CLANG_WARN_DOCUMENTATION_COMMENTS = YES;
				CLANG_WARN_EMPTY_BODY = YES;
				CLANG_WARN_ENUM_CONVERSION = YES;
				CLANG_WARN_INFINITE_RECURSION = YES;
				CLANG_WARN_INT_CONVERSION = YES;
				CLANG_WARN_NON_LITERAL_NULL_CONVERSION = YES;
				CLANG_WARN_OBJC_IMPLICIT_RETAIN_SELF = YES;
				CLANG_WARN_OBJC_LITERAL_CONVERSION = YES;
				CLANG_WARN_OBJC_ROOT_CLASS = YES_ERROR;
				CLANG_WARN_RANGE_LOOP_ANALYSIS = YES;
				CLANG_WARN_STRICT_PROTOTYPES = YES;
				CLANG_WARN_SUSPICIOUS_MOVE = YES;
				CLANG_WARN_UNGUARDED_AVAILABILITY = YES_AGGRESSIVE;
				CLANG_WARN_UNREACHABLE_CODE = YES;
				CLANG_WARN__DUPLICATE_METHOD_MATCH = YES;
				COPY_PHASE_STRIP = NO;
				CURRENT_PROJECT_VERSION = 1;
				DEBUG_INFORMATION_FORMAT = dwarf;
				ENABLE_STRICT_OBJC_MSGSEND = YES;
				ENABLE_TESTABILITY = YES;
				GCC_C_LANGUAGE_STANDARD = gnu11;
				GCC_DYNAMIC_NO_PIC = NO;
				GCC_NO_COMMON_BLOCKS = YES;
				GCC_OPTIMIZATION_LEVEL = 0;
				GCC_PREPROCESSOR_DEFINITIONS = (
					"DEBUG=1",
					"$(inherited)",
				);
				GCC_WARN_64_TO_32_BIT_CONVERSION = YES;
				GCC_WARN_ABOUT_RETURN_TYPE = YES_ERROR;
				GCC_WARN_UNDECLARED_SELECTOR = YES;
				GCC_WARN_UNINITIALIZED_AUTOS = YES_AGGRESSIVE;
				GCC_WARN_UNUSED_FUNCTION = YES;
				GCC_WARN_UNUSED_VARIABLE = YES;
				IPHONEOS_DEPLOYMENT_TARGET = 11.4;
				MTL_ENABLE_DEBUG_INFO = INCLUDE_SOURCE;
				MTL_FAST_MATH = YES;
				ONLY_ACTIVE_ARCH = YES;
				SDKROOT = iphoneos;
				SWIFT_ACTIVE_COMPILATION_CONDITIONS = DEBUG;
				SWIFT_OPTIMIZATION_LEVEL = "-Onone";
				VERSIONING_SYSTEM = "apple-generic";
				VERSION_INFO_PREFIX = "";
			};
			name = Debug;
		};
		5F642FDB233B763F000E1C83 /* Release */ = {
			isa = XCBuildConfiguration;
			buildSettings = {
				ALWAYS_SEARCH_USER_PATHS = NO;
				CLANG_ANALYZER_NONNULL = YES;
				CLANG_ANALYZER_NUMBER_OBJECT_CONVERSION = YES_AGGRESSIVE;
				CLANG_CXX_LANGUAGE_STANDARD = "gnu++14";
				CLANG_CXX_LIBRARY = "libc++";
				CLANG_ENABLE_MODULES = YES;
				CLANG_ENABLE_OBJC_ARC = YES;
				CLANG_ENABLE_OBJC_WEAK = YES;
				CLANG_WARN_BLOCK_CAPTURE_AUTORELEASING = YES;
				CLANG_WARN_BOOL_CONVERSION = YES;
				CLANG_WARN_COMMA = YES;
				CLANG_WARN_CONSTANT_CONVERSION = YES;
				CLANG_WARN_DEPRECATED_OBJC_IMPLEMENTATIONS = YES;
				CLANG_WARN_DIRECT_OBJC_ISA_USAGE = YES_ERROR;
				CLANG_WARN_DOCUMENTATION_COMMENTS = YES;
				CLANG_WARN_EMPTY_BODY = YES;
				CLANG_WARN_ENUM_CONVERSION = YES;
				CLANG_WARN_INFINITE_RECURSION = YES;
				CLANG_WARN_INT_CONVERSION = YES;
				CLANG_WARN_NON_LITERAL_NULL_CONVERSION = YES;
				CLANG_WARN_OBJC_IMPLICIT_RETAIN_SELF = YES;
				CLANG_WARN_OBJC_LITERAL_CONVERSION = YES;
				CLANG_WARN_OBJC_ROOT_CLASS = YES_ERROR;
				CLANG_WARN_RANGE_LOOP_ANALYSIS = YES;
				CLANG_WARN_STRICT_PROTOTYPES = YES;
				CLANG_WARN_SUSPICIOUS_MOVE = YES;
				CLANG_WARN_UNGUARDED_AVAILABILITY = YES_AGGRESSIVE;
				CLANG_WARN_UNREACHABLE_CODE = YES;
				CLANG_WARN__DUPLICATE_METHOD_MATCH = YES;
				COPY_PHASE_STRIP = NO;
				CURRENT_PROJECT_VERSION = 1;
				DEBUG_INFORMATION_FORMAT = "dwarf-with-dsym";
				ENABLE_NS_ASSERTIONS = NO;
				ENABLE_STRICT_OBJC_MSGSEND = YES;
				GCC_C_LANGUAGE_STANDARD = gnu11;
				GCC_NO_COMMON_BLOCKS = YES;
				GCC_WARN_64_TO_32_BIT_CONVERSION = YES;
				GCC_WARN_ABOUT_RETURN_TYPE = YES_ERROR;
				GCC_WARN_UNDECLARED_SELECTOR = YES;
				GCC_WARN_UNINITIALIZED_AUTOS = YES_AGGRESSIVE;
				GCC_WARN_UNUSED_FUNCTION = YES;
				GCC_WARN_UNUSED_VARIABLE = YES;
				IPHONEOS_DEPLOYMENT_TARGET = 11.4;
				MTL_ENABLE_DEBUG_INFO = NO;
				MTL_FAST_MATH = YES;
				SDKROOT = iphoneos;
				SWIFT_COMPILATION_MODE = wholemodule;
				SWIFT_OPTIMIZATION_LEVEL = "-O";
				VALIDATE_PRODUCT = YES;
				VERSIONING_SYSTEM = "apple-generic";
				VERSION_INFO_PREFIX = "";
			};
			name = Release;
		};
		5F642FDD233B763F000E1C83 /* Debug */ = {
			isa = XCBuildConfiguration;
			buildSettings = {
				CLANG_ENABLE_MODULES = YES;
				CODE_SIGN_STYLE = Automatic;
				DEFINES_MODULE = YES;
				DYLIB_COMPATIBILITY_VERSION = 1;
				DYLIB_CURRENT_VERSION = 1;
				DYLIB_INSTALL_NAME_BASE = "@rpath";
				INFOPLIST_FILE = Shared/Info.plist;
				INSTALL_PATH = "$(LOCAL_LIBRARY_DIR)/Frameworks";
				IPHONEOS_DEPLOYMENT_TARGET = 11.0;
				LD_RUNPATH_SEARCH_PATHS = (
					"$(inherited)",
					"@executable_path/Frameworks",
					"@loader_path/Frameworks",
				);
				PRODUCT_BUNDLE_IDENTIFIER = com.example.Shared;
				PRODUCT_NAME = "$(TARGET_NAME:c99extidentifier)";
				SKIP_INSTALL = YES;
				SWIFT_OPTIMIZATION_LEVEL = "-Onone";
				SWIFT_VERSION = 5.0;
				TARGETED_DEVICE_FAMILY = "1,2";
			};
			name = Debug;
		};
		5F642FDE233B763F000E1C83 /* Release */ = {
			isa = XCBuildConfiguration;
			buildSettings = {
				CLANG_ENABLE_MODULES = YES;
				CODE_SIGN_STYLE = Automatic;
				DEFINES_MODULE = YES;
				DYLIB_COMPATIBILITY_VERSION = 1;
				DYLIB_CURRENT_VERSION = 1;
				DYLIB_INSTALL_NAME_BASE = "@rpath";
				INFOPLIST_FILE = Shared/Info.plist;
				INSTALL_PATH = "$(LOCAL_LIBRARY_DIR)/Frameworks";
				IPHONEOS_DEPLOYMENT_TARGET = 11.0;
				LD_RUNPATH_SEARCH_PATHS = (
					"$(inherited)",
					"@executable_path/Frameworks",
					"@loader_path/Frameworks",
				);
				PRODUCT_BUNDLE_IDENTIFIER = com.example.Shared;
				PRODUCT_NAME = "$(TARGET_NAME:c99extidentifier)";
				SKIP_INSTALL = YES;
				SWIFT_VERSION = 5.0;
				TARGETED_DEVICE_FAMILY = "1,2";
			};
			name = Release;
		};
		5F642FE0233B763F000E1C83 /* Debug */ = {
			isa = XCBuildConfiguration;
			buildSettings = {
				ALWAYS_EMBED_SWIFT_STANDARD_LIBRARIES = YES;
				CODE_SIGN_STYLE = Automatic;
				INFOPLIST_FILE = SharedTests/Info.plist;
				LD_RUNPATH_SEARCH_PATHS = (
					"$(inherited)",
					"@executable_path/Frameworks",
					"@loader_path/Frameworks",
				);
				PRODUCT_BUNDLE_IDENTIFIER = com.example.SharedTests;
				PRODUCT_NAME = "$(TARGET_NAME)";
				SWIFT_VERSION = 5.0;
				TARGETED_DEVICE_FAMILY = "1,2";
			};
			name = Debug;
		};
		5F642FE1233B763F000E1C83 /* Release */ = {
			isa = XCBuildConfiguration;
			buildSettings = {
				ALWAYS_EMBED_SWIFT_STANDARD_LIBRARIES = YES;
				CODE_SIGN_STYLE = Automatic;
				INFOPLIST_FILE = SharedTests/Info.plist;
				LD_RUNPATH_SEARCH_PATHS = (
					"$(inherited)",
					"@executable_path/Frameworks",
					"@loader_path/Frameworks",
				);
				PRODUCT_BUNDLE_IDENTIFIER = com.example.SharedTests;
				PRODUCT_NAME = "$(TARGET_NAME)";
				SWIFT_VERSION = 5.0;
				TARGETED_DEVICE_FAMILY = "1,2";
			};
			name = Release;
		};
/* End XCBuildConfiguration section */

/* Begin XCConfigurationList section */
		5F642FC2233B763F000E1C83 /* Build configuration list for PBXProject "Shared" */ = {
			isa = XCConfigurationList;
			buildConfigurations = (
				5F642FDA233B763F000E1C83 /* Debug */,
				5F642FDB233B763F000E1C83 /* Release */,
			);
			defaultConfigurationIsVisible = 0;
			defaultConfigurationName = Release;
		};
		5F642FDC233B763F000E1C83 /* Build configuration list for PBXNativeTarget "Shared" */ = {
			isa = XCConfigurationList;
			buildConfigurations = (
				5F642FDD233B763F000E1C83 /* Debug */,
				5F642FDE233B763F000E1C83 /* Release */,
			);
			defaultConfigurationIsVisible = 0;
			defaultConfigurationName = Release;
		};
		5F642FDF233B763F000E1C83 /* Build configuration list for PBXNativeTarget "SharedTests" */ = {
			isa = XCConfigurationList;
			buildConfigurations = (
				5F642FE0233B763F000E1C83 /* Debug */,
				5F642FE1233B763F000E1C83 /* Release */,
			);
			defaultConfigurationIsVisible = 0;
			defaultConfigurationName = Release;
		};
/* End XCConfigurationList section */
	};
	rootObject = 5F642FBF233B763F000E1C83 /* Project object */;
}
